
Microsoft Visual Studio Solution File, Format Version 12.00
# Visual Studio 14
VisualStudioVersion = 14.0.23107.0
MinimumVisualStudioVersion = 10.0.40219.1
Project("{8BC9CEB8-8B4A-11D0-8D11-00A0C91BC942}") = "BuilderPattern", "BuilderPattern\BuilderPattern.vcxproj", "{B51E5E23-149B-4D96-9185-BB64242092DA}"
EndProject
Project("{8BC9CEB8-8B4A-11D0-8D11-00A0C91BC942}") = "FactoryMethodPattern", "FactoryMethodPattern\FactoryMethodPattern.vcxproj", "{764DA18C-579F-4393-A263-1A034417EEB0}"
EndProject
Project("{8BC9CEB8-8B4A-11D0-8D11-00A0C91BC942}") = "AbstractFactoryPattern", "AbstractFactoryPattern\AbstractFactoryPattern.vcxproj", "{A0C0F401-D731-4734-9D6F-57B5A7D751CA}"
EndProject
Project("{8BC9CEB8-8B4A-11D0-8D11-00A0C91BC942}") = "SingletonPattern", "SingletonPattern\SingletonPattern.vcxproj", "{FBE58D30-AA23-4EB6-A90C-7DB8800F511F}"
EndProject
Project("{8BC9CEB8-8B4A-11D0-8D11-00A0C91BC942}") = "PrototypePattern", "PrototypePattern\PrototypePattern.vcxproj", "{81574204-26A2-4BEF-82A2-45A881D86F09}"
EndProject
Project("{8BC9CEB8-8B4A-11D0-8D11-00A0C91BC942}") = "[S]AdapterPattern", "[C]AdapterPattern\[C]AdapterPattern.vcxproj", "{4EDD4D8C-22C9-4CE0-BC22-75EDA9598DE0}"
EndProject
Project("{8BC9CEB8-8B4A-11D0-8D11-00A0C91BC942}") = "FactoryPattern", "FactoryPattern\FactoryPattern.vcxproj", "{666F0A1D-E0EA-4C63-93FB-8D7B232F0071}"
EndProject
Project("{8BC9CEB8-8B4A-11D0-8D11-00A0C91BC942}") = "ObjectPoolPattern", "ObjectPoolPattern\ObjectPoolPattern.vcxproj", "{D2251FDB-4BDF-461B-9D2D-96EF8594E9F4}"
EndProject
Project("{8BC9CEB8-8B4A-11D0-8D11-00A0C91BC942}") = "[S]BridgePattern", "BridgePattern\BridgePattern.vcxproj", "{13E57EDD-DA62-4D88-BCD0-A2A2486EAE3C}"
EndProject
Project("{2150E333-8FDC-42A3-9474-1A3956D46DE8}") = "Creational", "Creational", "{2C92C3FE-64E0-492A-A1F1-9A1070A476A6}"
EndProject
Project("{2150E333-8FDC-42A3-9474-1A3956D46DE8}") = "Structure", "Structure", "{025F7723-C131-46EA-A0FA-4674397AB6C1}"
EndProject
Project("{8BC9CEB8-8B4A-11D0-8D11-00A0C91BC942}") = "Decorator", "Decorator\Decorator.vcxproj", "{8C88BB70-9BCA-4AEA-AA19-826B533A323D}"
EndProject
Project("{8BC9CEB8-8B4A-11D0-8D11-00A0C91BC942}") = "FacadePattern", "FacadePattern\FacadePattern.vcxproj", "{CE7B3DAC-C009-430D-B666-BD69AAFD5261}"
EndProject
Project("{8BC9CEB8-8B4A-11D0-8D11-00A0C91BC942}") = "FlyweightPattern", "FlyweightPattern\FlyweightPattern.vcxproj", "{1EA315CD-2997-4033-ADBE-F53C91A18CAB}"
EndProject
Project("{8BC9CEB8-8B4A-11D0-8D11-00A0C91BC942}") = "ProxyPattern", "ProxyPattern\ProxyPattern.vcxproj", "{D6195EA5-0C01-4B36-8DF9-3A012958B0C8}"
EndProject
Project("{8BC9CEB8-8B4A-11D0-8D11-00A0C91BC942}") = "CompositePattern", "CompositePattern\CompositePattern.vcxproj", "{77EC412D-25AC-4B63-8832-EE3086A5D8D8}"
EndProject
Project("{2150E333-8FDC-42A3-9474-1A3956D46DE8}") = "Behavioral", "Behavioral", "{C1DD9370-009E-4811-8CCA-F933A55278BC}"
EndProject
Project("{8BC9CEB8-8B4A-11D0-8D11-00A0C91BC942}") = "ChainOfResponsibilityPattern", "ChainOfResponsibilityPattern\ChainOfResponsibilityPattern.vcxproj", "{FFDE6849-0E9A-4748-8CFA-1F17749AF327}"
EndProject
Project("{8BC9CEB8-8B4A-11D0-8D11-00A0C91BC942}") = "CommandPattern", "CommandPattern\CommandPattern.vcxproj", "{44B86705-F49F-4423-A991-0674A85AE9CA}"
EndProject
Project("{8BC9CEB8-8B4A-11D0-8D11-00A0C91BC942}") = "InterpreterPattern", "InterpreterPattern\InterpreterPattern.vcxproj", "{66DE5C17-7E52-443F-BC9D-9CD477E3745A}"
EndProject
Project("{8BC9CEB8-8B4A-11D0-8D11-00A0C91BC942}") = "IteratorPattern", "IteratorPattern\IteratorPattern.vcxproj", "{86498009-65C2-4313-B2E7-0EF8508DA2CC}"
EndProject
Project("{8BC9CEB8-8B4A-11D0-8D11-00A0C91BC942}") = "Behavioral", "Behavioral\Behavioral.vcxproj", "{705E1198-0518-4BB3-A2CB-1F2B5EA8D7A7}"
EndProject
Global
	GlobalSection(SolutionConfigurationPlatforms) = preSolution
		Debug|x64 = Debug|x64
		Debug|x86 = Debug|x86
		Release|x64 = Release|x64
		Release|x86 = Release|x86
	EndGlobalSection
	GlobalSection(ProjectConfigurationPlatforms) = postSolution
		{B51E5E23-149B-4D96-9185-BB64242092DA}.Debug|x64.ActiveCfg = Debug|x64
		{B51E5E23-149B-4D96-9185-BB64242092DA}.Debug|x64.Build.0 = Debug|x64
		{B51E5E23-149B-4D96-9185-BB64242092DA}.Debug|x86.ActiveCfg = Debug|Win32
		{B51E5E23-149B-4D96-9185-BB64242092DA}.Debug|x86.Build.0 = Debug|Win32
		{B51E5E23-149B-4D96-9185-BB64242092DA}.Release|x64.ActiveCfg = Release|x64
		{B51E5E23-149B-4D96-9185-BB64242092DA}.Release|x64.Build.0 = Release|x64
		{B51E5E23-149B-4D96-9185-BB64242092DA}.Release|x86.ActiveCfg = Release|Win32
		{B51E5E23-149B-4D96-9185-BB64242092DA}.Release|x86.Build.0 = Release|Win32
		{764DA18C-579F-4393-A263-1A034417EEB0}.Debug|x64.ActiveCfg = Debug|x64
		{764DA18C-579F-4393-A263-1A034417EEB0}.Debug|x64.Build.0 = Debug|x64
		{764DA18C-579F-4393-A263-1A034417EEB0}.Debug|x86.ActiveCfg = Debug|Win32
		{764DA18C-579F-4393-A263-1A034417EEB0}.Debug|x86.Build.0 = Debug|Win32
		{764DA18C-579F-4393-A263-1A034417EEB0}.Release|x64.ActiveCfg = Release|x64
		{764DA18C-579F-4393-A263-1A034417EEB0}.Release|x64.Build.0 = Release|x64
		{764DA18C-579F-4393-A263-1A034417EEB0}.Release|x86.ActiveCfg = Release|Win32
		{764DA18C-579F-4393-A263-1A034417EEB0}.Release|x86.Build.0 = Release|Win32
		{A0C0F401-D731-4734-9D6F-57B5A7D751CA}.Debug|x64.ActiveCfg = Debug|x64
		{A0C0F401-D731-4734-9D6F-57B5A7D751CA}.Debug|x64.Build.0 = Debug|x64
		{A0C0F401-D731-4734-9D6F-57B5A7D751CA}.Debug|x86.ActiveCfg = Debug|Win32
		{A0C0F401-D731-4734-9D6F-57B5A7D751CA}.Debug|x86.Build.0 = Debug|Win32
		{A0C0F401-D731-4734-9D6F-57B5A7D751CA}.Release|x64.ActiveCfg = Release|x64
		{A0C0F401-D731-4734-9D6F-57B5A7D751CA}.Release|x64.Build.0 = Release|x64
		{A0C0F401-D731-4734-9D6F-57B5A7D751CA}.Release|x86.ActiveCfg = Release|Win32
		{A0C0F401-D731-4734-9D6F-57B5A7D751CA}.Release|x86.Build.0 = Release|Win32
		{FBE58D30-AA23-4EB6-A90C-7DB8800F511F}.Debug|x64.ActiveCfg = Debug|x64
		{FBE58D30-AA23-4EB6-A90C-7DB8800F511F}.Debug|x64.Build.0 = Debug|x64
		{FBE58D30-AA23-4EB6-A90C-7DB8800F511F}.Debug|x86.ActiveCfg = Debug|Win32
		{FBE58D30-AA23-4EB6-A90C-7DB8800F511F}.Debug|x86.Build.0 = Debug|Win32
		{FBE58D30-AA23-4EB6-A90C-7DB8800F511F}.Release|x64.ActiveCfg = Release|x64
		{FBE58D30-AA23-4EB6-A90C-7DB8800F511F}.Release|x64.Build.0 = Release|x64
		{FBE58D30-AA23-4EB6-A90C-7DB8800F511F}.Release|x86.ActiveCfg = Release|Win32
		{FBE58D30-AA23-4EB6-A90C-7DB8800F511F}.Release|x86.Build.0 = Release|Win32
		{81574204-26A2-4BEF-82A2-45A881D86F09}.Debug|x64.ActiveCfg = Debug|x64
		{81574204-26A2-4BEF-82A2-45A881D86F09}.Debug|x64.Build.0 = Debug|x64
		{81574204-26A2-4BEF-82A2-45A881D86F09}.Debug|x86.ActiveCfg = Debug|Win32
		{81574204-26A2-4BEF-82A2-45A881D86F09}.Debug|x86.Build.0 = Debug|Win32
		{81574204-26A2-4BEF-82A2-45A881D86F09}.Release|x64.ActiveCfg = Release|x64
		{81574204-26A2-4BEF-82A2-45A881D86F09}.Release|x64.Build.0 = Release|x64
		{81574204-26A2-4BEF-82A2-45A881D86F09}.Release|x86.ActiveCfg = Release|Win32
		{81574204-26A2-4BEF-82A2-45A881D86F09}.Release|x86.Build.0 = Release|Win32
		{4EDD4D8C-22C9-4CE0-BC22-75EDA9598DE0}.Debug|x64.ActiveCfg = Debug|x64
		{4EDD4D8C-22C9-4CE0-BC22-75EDA9598DE0}.Debug|x64.Build.0 = Debug|x64
		{4EDD4D8C-22C9-4CE0-BC22-75EDA9598DE0}.Debug|x86.ActiveCfg = Debug|Win32
		{4EDD4D8C-22C9-4CE0-BC22-75EDA9598DE0}.Debug|x86.Build.0 = Debug|Win32
		{4EDD4D8C-22C9-4CE0-BC22-75EDA9598DE0}.Release|x64.ActiveCfg = Release|x64
		{4EDD4D8C-22C9-4CE0-BC22-75EDA9598DE0}.Release|x64.Build.0 = Release|x64
		{4EDD4D8C-22C9-4CE0-BC22-75EDA9598DE0}.Release|x86.ActiveCfg = Release|Win32
		{4EDD4D8C-22C9-4CE0-BC22-75EDA9598DE0}.Release|x86.Build.0 = Release|Win32
		{666F0A1D-E0EA-4C63-93FB-8D7B232F0071}.Debug|x64.ActiveCfg = Debug|x64
		{666F0A1D-E0EA-4C63-93FB-8D7B232F0071}.Debug|x64.Build.0 = Debug|x64
		{666F0A1D-E0EA-4C63-93FB-8D7B232F0071}.Debug|x86.ActiveCfg = Debug|Win32
		{666F0A1D-E0EA-4C63-93FB-8D7B232F0071}.Debug|x86.Build.0 = Debug|Win32
		{666F0A1D-E0EA-4C63-93FB-8D7B232F0071}.Release|x64.ActiveCfg = Release|x64
		{666F0A1D-E0EA-4C63-93FB-8D7B232F0071}.Release|x64.Build.0 = Release|x64
		{666F0A1D-E0EA-4C63-93FB-8D7B232F0071}.Release|x86.ActiveCfg = Release|Win32
		{666F0A1D-E0EA-4C63-93FB-8D7B232F0071}.Release|x86.Build.0 = Release|Win32
		{D2251FDB-4BDF-461B-9D2D-96EF8594E9F4}.Debug|x64.ActiveCfg = Debug|x64
		{D2251FDB-4BDF-461B-9D2D-96EF8594E9F4}.Debug|x64.Build.0 = Debug|x64
		{D2251FDB-4BDF-461B-9D2D-96EF8594E9F4}.Debug|x86.ActiveCfg = Debug|Win32
		{D2251FDB-4BDF-461B-9D2D-96EF8594E9F4}.Debug|x86.Build.0 = Debug|Win32
		{D2251FDB-4BDF-461B-9D2D-96EF8594E9F4}.Release|x64.ActiveCfg = Release|x64
		{D2251FDB-4BDF-461B-9D2D-96EF8594E9F4}.Release|x64.Build.0 = Release|x64
		{D2251FDB-4BDF-461B-9D2D-96EF8594E9F4}.Release|x86.ActiveCfg = Release|Win32
		{D2251FDB-4BDF-461B-9D2D-96EF8594E9F4}.Release|x86.Build.0 = Release|Win32
		{13E57EDD-DA62-4D88-BCD0-A2A2486EAE3C}.Debug|x64.ActiveCfg = Debug|x64
		{13E57EDD-DA62-4D88-BCD0-A2A2486EAE3C}.Debug|x64.Build.0 = Debug|x64
		{13E57EDD-DA62-4D88-BCD0-A2A2486EAE3C}.Debug|x86.ActiveCfg = Debug|Win32
		{13E57EDD-DA62-4D88-BCD0-A2A2486EAE3C}.Debug|x86.Build.0 = Debug|Win32
		{13E57EDD-DA62-4D88-BCD0-A2A2486EAE3C}.Release|x64.ActiveCfg = Release|x64
		{13E57EDD-DA62-4D88-BCD0-A2A2486EAE3C}.Release|x64.Build.0 = Release|x64
		{13E57EDD-DA62-4D88-BCD0-A2A2486EAE3C}.Release|x86.ActiveCfg = Release|Win32
		{13E57EDD-DA62-4D88-BCD0-A2A2486EAE3C}.Release|x86.Build.0 = Release|Win32
		{8C88BB70-9BCA-4AEA-AA19-826B533A323D}.Debug|x64.ActiveCfg = Debug|x64
		{8C88BB70-9BCA-4AEA-AA19-826B533A323D}.Debug|x64.Build.0 = Debug|x64
		{8C88BB70-9BCA-4AEA-AA19-826B533A323D}.Debug|x86.ActiveCfg = Debug|Win32
		{8C88BB70-9BCA-4AEA-AA19-826B533A323D}.Debug|x86.Build.0 = Debug|Win32
		{8C88BB70-9BCA-4AEA-AA19-826B533A323D}.Release|x64.ActiveCfg = Release|x64
		{8C88BB70-9BCA-4AEA-AA19-826B533A323D}.Release|x64.Build.0 = Release|x64
		{8C88BB70-9BCA-4AEA-AA19-826B533A323D}.Release|x86.ActiveCfg = Release|Win32
		{8C88BB70-9BCA-4AEA-AA19-826B533A323D}.Release|x86.Build.0 = Release|Win32
		{CE7B3DAC-C009-430D-B666-BD69AAFD5261}.Debug|x64.ActiveCfg = Debug|x64
		{CE7B3DAC-C009-430D-B666-BD69AAFD5261}.Debug|x64.Build.0 = Debug|x64
		{CE7B3DAC-C009-430D-B666-BD69AAFD5261}.Debug|x86.ActiveCfg = Debug|Win32
		{CE7B3DAC-C009-430D-B666-BD69AAFD5261}.Debug|x86.Build.0 = Debug|Win32
		{CE7B3DAC-C009-430D-B666-BD69AAFD5261}.Release|x64.ActiveCfg = Release|x64
		{CE7B3DAC-C009-430D-B666-BD69AAFD5261}.Release|x64.Build.0 = Release|x64
		{CE7B3DAC-C009-430D-B666-BD69AAFD5261}.Release|x86.ActiveCfg = Release|Win32
		{CE7B3DAC-C009-430D-B666-BD69AAFD5261}.Release|x86.Build.0 = Release|Win32
		{1EA315CD-2997-4033-ADBE-F53C91A18CAB}.Debug|x64.ActiveCfg = Debug|x64
		{1EA315CD-2997-4033-ADBE-F53C91A18CAB}.Debug|x64.Build.0 = Debug|x64
		{1EA315CD-2997-4033-ADBE-F53C91A18CAB}.Debug|x86.ActiveCfg = Debug|Win32
		{1EA315CD-2997-4033-ADBE-F53C91A18CAB}.Debug|x86.Build.0 = Debug|Win32
		{1EA315CD-2997-4033-ADBE-F53C91A18CAB}.Release|x64.ActiveCfg = Release|x64
		{1EA315CD-2997-4033-ADBE-F53C91A18CAB}.Release|x64.Build.0 = Release|x64
		{1EA315CD-2997-4033-ADBE-F53C91A18CAB}.Release|x86.ActiveCfg = Release|Win32
		{1EA315CD-2997-4033-ADBE-F53C91A18CAB}.Release|x86.Build.0 = Release|Win32
		{D6195EA5-0C01-4B36-8DF9-3A012958B0C8}.Debug|x64.ActiveCfg = Debug|x64
		{D6195EA5-0C01-4B36-8DF9-3A012958B0C8}.Debug|x64.Build.0 = Debug|x64
		{D6195EA5-0C01-4B36-8DF9-3A012958B0C8}.Debug|x86.ActiveCfg = Debug|Win32
		{D6195EA5-0C01-4B36-8DF9-3A012958B0C8}.Debug|x86.Build.0 = Debug|Win32
		{D6195EA5-0C01-4B36-8DF9-3A012958B0C8}.Release|x64.ActiveCfg = Release|x64
		{D6195EA5-0C01-4B36-8DF9-3A012958B0C8}.Release|x64.Build.0 = Release|x64
		{D6195EA5-0C01-4B36-8DF9-3A012958B0C8}.Release|x86.ActiveCfg = Release|Win32
		{D6195EA5-0C01-4B36-8DF9-3A012958B0C8}.Release|x86.Build.0 = Release|Win32
		{77EC412D-25AC-4B63-8832-EE3086A5D8D8}.Debug|x64.ActiveCfg = Debug|x64
		{77EC412D-25AC-4B63-8832-EE3086A5D8D8}.Debug|x64.Build.0 = Debug|x64
		{77EC412D-25AC-4B63-8832-EE3086A5D8D8}.Debug|x86.ActiveCfg = Debug|Win32
		{77EC412D-25AC-4B63-8832-EE3086A5D8D8}.Debug|x86.Build.0 = Debug|Win32
		{77EC412D-25AC-4B63-8832-EE3086A5D8D8}.Release|x64.ActiveCfg = Release|x64
		{77EC412D-25AC-4B63-8832-EE3086A5D8D8}.Release|x64.Build.0 = Release|x64
		{77EC412D-25AC-4B63-8832-EE3086A5D8D8}.Release|x86.ActiveCfg = Release|Win32
		{77EC412D-25AC-4B63-8832-EE3086A5D8D8}.Release|x86.Build.0 = Release|Win32
		{FFDE6849-0E9A-4748-8CFA-1F17749AF327}.Debug|x64.ActiveCfg = Debug|x64
		{FFDE6849-0E9A-4748-8CFA-1F17749AF327}.Debug|x64.Build.0 = Debug|x64
		{FFDE6849-0E9A-4748-8CFA-1F17749AF327}.Debug|x86.ActiveCfg = Debug|Win32
		{FFDE6849-0E9A-4748-8CFA-1F17749AF327}.Debug|x86.Build.0 = Debug|Win32
		{FFDE6849-0E9A-4748-8CFA-1F17749AF327}.Release|x64.ActiveCfg = Release|x64
		{FFDE6849-0E9A-4748-8CFA-1F17749AF327}.Release|x64.Build.0 = Release|x64
		{FFDE6849-0E9A-4748-8CFA-1F17749AF327}.Release|x86.ActiveCfg = Release|Win32
		{FFDE6849-0E9A-4748-8CFA-1F17749AF327}.Release|x86.Build.0 = Release|Win32
		{44B86705-F49F-4423-A991-0674A85AE9CA}.Debug|x64.ActiveCfg = Debug|x64
		{44B86705-F49F-4423-A991-0674A85AE9CA}.Debug|x64.Build.0 = Debug|x64
		{44B86705-F49F-4423-A991-0674A85AE9CA}.Debug|x86.ActiveCfg = Debug|Win32
		{44B86705-F49F-4423-A991-0674A85AE9CA}.Debug|x86.Build.0 = Debug|Win32
		{44B86705-F49F-4423-A991-0674A85AE9CA}.Release|x64.ActiveCfg = Release|x64
		{44B86705-F49F-4423-A991-0674A85AE9CA}.Release|x64.Build.0 = Release|x64
		{44B86705-F49F-4423-A991-0674A85AE9CA}.Release|x86.ActiveCfg = Release|Win32
		{44B86705-F49F-4423-A991-0674A85AE9CA}.Release|x86.Build.0 = Release|Win32
		{66DE5C17-7E52-443F-BC9D-9CD477E3745A}.Debug|x64.ActiveCfg = Debug|x64
		{66DE5C17-7E52-443F-BC9D-9CD477E3745A}.Debug|x64.Build.0 = Debug|x64
		{66DE5C17-7E52-443F-BC9D-9CD477E3745A}.Debug|x86.ActiveCfg = Debug|Win32
		{66DE5C17-7E52-443F-BC9D-9CD477E3745A}.Debug|x86.Build.0 = Debug|Win32
		{66DE5C17-7E52-443F-BC9D-9CD477E3745A}.Release|x64.ActiveCfg = Release|x64
		{66DE5C17-7E52-443F-BC9D-9CD477E3745A}.Release|x64.Build.0 = Release|x64
		{66DE5C17-7E52-443F-BC9D-9CD477E3745A}.Release|x86.ActiveCfg = Release|Win32
		{66DE5C17-7E52-443F-BC9D-9CD477E3745A}.Release|x86.Build.0 = Release|Win32
		{86498009-65C2-4313-B2E7-0EF8508DA2CC}.Debug|x64.ActiveCfg = Debug|x64
		{86498009-65C2-4313-B2E7-0EF8508DA2CC}.Debug|x64.Build.0 = Debug|x64
		{86498009-65C2-4313-B2E7-0EF8508DA2CC}.Debug|x86.ActiveCfg = Debug|Win32
		{86498009-65C2-4313-B2E7-0EF8508DA2CC}.Debug|x86.Build.0 = Debug|Win32
		{86498009-65C2-4313-B2E7-0EF8508DA2CC}.Release|x64.ActiveCfg = Release|x64
		{86498009-65C2-4313-B2E7-0EF8508DA2CC}.Release|x64.Build.0 = Release|x64
		{86498009-65C2-4313-B2E7-0EF8508DA2CC}.Release|x86.ActiveCfg = Release|Win32
		{86498009-65C2-4313-B2E7-0EF8508DA2CC}.Release|x86.Build.0 = Release|Win32
		{705E1198-0518-4BB3-A2CB-1F2B5EA8D7A7}.Debug|x64.ActiveCfg = Debug|x64
		{705E1198-0518-4BB3-A2CB-1F2B5EA8D7A7}.Debug|x64.Build.0 = Debug|x64
		{705E1198-0518-4BB3-A2CB-1F2B5EA8D7A7}.Debug|x86.ActiveCfg = Debug|Win32
		{705E1198-0518-4BB3-A2CB-1F2B5EA8D7A7}.Debug|x86.Build.0 = Debug|Win32
		{705E1198-0518-4BB3-A2CB-1F2B5EA8D7A7}.Release|x64.ActiveCfg = Release|x64
		{705E1198-0518-4BB3-A2CB-1F2B5EA8D7A7}.Release|x64.Build.0 = Release|x64
		{705E1198-0518-4BB3-A2CB-1F2B5EA8D7A7}.Release|x86.ActiveCfg = Release|Win32
		{705E1198-0518-4BB3-A2CB-1F2B5EA8D7A7}.Release|x86.Build.0 = Release|Win32
	EndGlobalSection
	GlobalSection(SolutionProperties) = preSolution
		HideSolutionNode = FALSE
	EndGlobalSection
	GlobalSection(NestedProjects) = preSolution
		{B51E5E23-149B-4D96-9185-BB64242092DA} = {2C92C3FE-64E0-492A-A1F1-9A1070A476A6}
		{764DA18C-579F-4393-A263-1A034417EEB0} = {2C92C3FE-64E0-492A-A1F1-9A1070A476A6}
		{A0C0F401-D731-4734-9D6F-57B5A7D751CA} = {2C92C3FE-64E0-492A-A1F1-9A1070A476A6}
		{FBE58D30-AA23-4EB6-A90C-7DB8800F511F} = {2C92C3FE-64E0-492A-A1F1-9A1070A476A6}
		{81574204-26A2-4BEF-82A2-45A881D86F09} = {2C92C3FE-64E0-492A-A1F1-9A1070A476A6}
		{4EDD4D8C-22C9-4CE0-BC22-75EDA9598DE0} = {025F7723-C131-46EA-A0FA-4674397AB6C1}
		{666F0A1D-E0EA-4C63-93FB-8D7B232F0071} = {2C92C3FE-64E0-492A-A1F1-9A1070A476A6}
		{D2251FDB-4BDF-461B-9D2D-96EF8594E9F4} = {2C92C3FE-64E0-492A-A1F1-9A1070A476A6}
		{13E57EDD-DA62-4D88-BCD0-A2A2486EAE3C} = {025F7723-C131-46EA-A0FA-4674397AB6C1}
		{8C88BB70-9BCA-4AEA-AA19-826B533A323D} = {025F7723-C131-46EA-A0FA-4674397AB6C1}
		{CE7B3DAC-C009-430D-B666-BD69AAFD5261} = {025F7723-C131-46EA-A0FA-4674397AB6C1}
		{1EA315CD-2997-4033-ADBE-F53C91A18CAB} = {025F7723-C131-46EA-A0FA-4674397AB6C1}
		{D6195EA5-0C01-4B36-8DF9-3A012958B0C8} = {025F7723-C131-46EA-A0FA-4674397AB6C1}
		{77EC412D-25AC-4B63-8832-EE3086A5D8D8} = {025F7723-C131-46EA-A0FA-4674397AB6C1}
		{FFDE6849-0E9A-4748-8CFA-1F17749AF327} = {C1DD9370-009E-4811-8CCA-F933A55278BC}
		{44B86705-F49F-4423-A991-0674A85AE9CA} = {C1DD9370-009E-4811-8CCA-F933A55278BC}
		{66DE5C17-7E52-443F-BC9D-9CD477E3745A} = {C1DD9370-009E-4811-8CCA-F933A55278BC}
		{86498009-65C2-4313-B2E7-0EF8508DA2CC} = {C1DD9370-009E-4811-8CCA-F933A55278BC}
		{705E1198-0518-4BB3-A2CB-1F2B5EA8D7A7} = {C1DD9370-009E-4811-8CCA-F933A55278BC}
	EndGlobalSection
EndGlobal
